
Microsoft Visual Studio Solution File, Format Version 11.00
# Visual Studio 2010
Project("{FAE04EC0-301F-11D3-BF4B-00C04F79EFBC}") = "webapi.filters", "webapi.filters\webapi.filters.csproj", "{E504B21F-BE2A-4F69-AF01-5BC9E163476A}"
EndProject
Global
	GlobalSection(SolutionConfigurationPlatforms) = preSolution
		Debug|Any CPU = Debug|Any CPU
		Release|Any CPU = Release|Any CPU
	EndGlobalSection
	GlobalSection(ProjectConfigurationPlatforms) = postSolution
		{E504B21F-BE2A-4F69-AF01-5BC9E163476A}.Debug|Any CPU.ActiveCfg = Debug|Any CPU
		{E504B21F-BE2A-4F69-AF01-5BC9E163476A}.Debug|Any CPU.Build.0 = Debug|Any CPU
		{E504B21F-BE2A-4F69-AF01-5BC9E163476A}.Release|Any CPU.ActiveCfg = Release|Any CPU
		{E504B21F-BE2A-4F69-AF01-5BC9E163476A}.Release|Any CPU.Build.0 = Release|Any CPU
	EndGlobalSection
	GlobalSection(SolutionProperties) = preSolution
		HideSolutionNode = FALSE
	EndGlobalSection
EndGlobal
